// !$*UTF8*$!
{
	archiveVersion = 1;
	classes = {
	};
	objectVersion = 52;
	objects = {

/* Begin PBXBuildFile section */
		A3069CD5243022350027702C /* NotificationSettingsView.swift in Sources */ = {isa = PBXBuildFile; fileRef = A3069CD4243022350027702C /* NotificationSettingsView.swift */; };
		A3069CD7243027E40027702C /* NotificationsManager.swift in Sources */ = {isa = PBXBuildFile; fileRef = A3069CD6243027E40027702C /* NotificationsManager.swift */; };
		A30F6A36248D4087001B1608 /* ShareViewController.swift in Sources */ = {isa = PBXBuildFile; fileRef = A30F6A35248D4087001B1608 /* ShareViewController.swift */; };
		A30F6A3924A7A58F001B1608 /* ProgressView.swift in Sources */ = {isa = PBXBuildFile; fileRef = A30F6A3824A7A58F001B1608 /* ProgressView.swift */; };
		A31AAB2123FB691C0025A1A5 /* AppDelegate.swift in Sources */ = {isa = PBXBuildFile; fileRef = A31AAB2023FB691C0025A1A5 /* AppDelegate.swift */; };
		A31AAB2323FB691C0025A1A5 /* SceneDelegate.swift in Sources */ = {isa = PBXBuildFile; fileRef = A31AAB2223FB691C0025A1A5 /* SceneDelegate.swift */; };
		A31AAB2523FB691C0025A1A5 /* ContentView.swift in Sources */ = {isa = PBXBuildFile; fileRef = A31AAB2423FB691C0025A1A5 /* ContentView.swift */; };
		A31AAB2723FB69200025A1A5 /* Assets.xcassets in Resources */ = {isa = PBXBuildFile; fileRef = A31AAB2623FB69200025A1A5 /* Assets.xcassets */; };
		A31AAB2A23FB69200025A1A5 /* Preview Assets.xcassets in Resources */ = {isa = PBXBuildFile; fileRef = A31AAB2923FB69200025A1A5 /* Preview Assets.xcassets */; };
		A31AAB2D23FB69200025A1A5 /* LaunchScreen.storyboard in Resources */ = {isa = PBXBuildFile; fileRef = A31AAB2B23FB69200025A1A5 /* LaunchScreen.storyboard */; };
		A31AAB3823FB69200025A1A5 /* Daily_MemoriesTests.swift in Sources */ = {isa = PBXBuildFile; fileRef = A31AAB3723FB69200025A1A5 /* Daily_MemoriesTests.swift */; };
		A31AAB4323FB69210025A1A5 /* Daily_MemoriesUITests.swift in Sources */ = {isa = PBXBuildFile; fileRef = A31AAB4223FB69210025A1A5 /* Daily_MemoriesUITests.swift */; };
		A31AAB5123FB81820025A1A5 /* ContentFetcher.swift in Sources */ = {isa = PBXBuildFile; fileRef = A31AAB5023FB81820025A1A5 /* ContentFetcher.swift */; };
		A31AAB532401D1290025A1A5 /* YearNavigationView.swift in Sources */ = {isa = PBXBuildFile; fileRef = A31AAB522401D1290025A1A5 /* YearNavigationView.swift */; };
		A31AAB55240DF84C0025A1A5 /* AuthorizationStatusView.swift in Sources */ = {isa = PBXBuildFile; fileRef = A31AAB54240DF84C0025A1A5 /* AuthorizationStatusView.swift */; };
		A31AAB57240DFB250025A1A5 /* MainView.swift in Sources */ = {isa = PBXBuildFile; fileRef = A31AAB56240DFB250025A1A5 /* MainView.swift */; };
		A3222B2A24678182009E56F2 /* PlayerViewController.swift in Sources */ = {isa = PBXBuildFile; fileRef = A3222B2924678182009E56F2 /* PlayerViewController.swift */; };
		A3222B2E247ACECD009E56F2 /* AssetModel.swift in Sources */ = {isa = PBXBuildFile; fileRef = A3222B2D247ACECD009E56F2 /* AssetModel.swift */; };
		A3222B30247ACF23009E56F2 /* VideoModel.swift in Sources */ = {isa = PBXBuildFile; fileRef = A3222B2F247ACF23009E56F2 /* VideoModel.swift */; };
		A32848C72421ACD200959D74 /* ImageView.swift in Sources */ = {isa = PBXBuildFile; fileRef = A32848C62421ACD200959D74 /* ImageView.swift */; };
		A3971F0A2451350700C0AB69 /* YearListView.swift in Sources */ = {isa = PBXBuildFile; fileRef = A3971F092451350700C0AB69 /* YearListView.swift */; };
		A3BA05C52419046900CCC47A /* ContentDetailView.swift in Sources */ = {isa = PBXBuildFile; fileRef = A3BA05C42419046900CCC47A /* ContentDetailView.swift */; };
		A3BA05C7241904B100CCC47A /* ImageModel.swift in Sources */ = {isa = PBXBuildFile; fileRef = A3BA05C6241904B100CCC47A /* ImageModel.swift */; };
		A3BA05CB2419CA4100CCC47A /* MapView.swift in Sources */ = {isa = PBXBuildFile; fileRef = A3BA05CA2419CA4100CCC47A /* MapView.swift */; };
		A3BA05CD241DA46A00CCC47A /* View+PhoneStackNavigationView.swift in Sources */ = {isa = PBXBuildFile; fileRef = A3BA05CC241DA46A00CCC47A /* View+PhoneStackNavigationView.swift */; };
		A3BA05D0241DC14D00CCC47A /* ContentViewerView.swift in Sources */ = {isa = PBXBuildFile; fileRef = A3BA05CF241DC14D00CCC47A /* ContentViewerView.swift */; };
		A3E3DC5B24AACE4C0076798E /* LivePhotoView.swift in Sources */ = {isa = PBXBuildFile; fileRef = A3E3DC5A24AACE4C0076798E /* LivePhotoView.swift */; };
		A3E3DC5D24AC167F0076798E /* LivePhotoModel.swift in Sources */ = {isa = PBXBuildFile; fileRef = A3E3DC5C24AC167F0076798E /* LivePhotoModel.swift */; };
		A3E3DC6524AE79770076798E /* UserNotifications.framework in Frameworks */ = {isa = PBXBuildFile; fileRef = A3E3DC6424AE79770076798E /* UserNotifications.framework */; };
		A3E3DC6724AE79770076798E /* UserNotificationsUI.framework in Frameworks */ = {isa = PBXBuildFile; fileRef = A3E3DC6624AE79770076798E /* UserNotificationsUI.framework */; };
		A3E3DC6A24AE79770076798E /* NotificationViewController.swift in Sources */ = {isa = PBXBuildFile; fileRef = A3E3DC6924AE79770076798E /* NotificationViewController.swift */; };
		A3E3DC6D24AE79770076798E /* MainInterface.storyboard in Resources */ = {isa = PBXBuildFile; fileRef = A3E3DC6B24AE79770076798E /* MainInterface.storyboard */; };
		A3E3DC7124AE79770076798E /* Daily Memories App Extension.appex in Embed App Extensions */ = {isa = PBXBuildFile; fileRef = A3E3DC6224AE79770076798E /* Daily Memories App Extension.appex */; platformFilter = ios; settings = {ATTRIBUTES = (RemoveHeadersOnCopy, ); }; };
		A3E3DC7624AE7CD50076798E /* ContentFetcher.swift in Sources */ = {isa = PBXBuildFile; fileRef = A31AAB5023FB81820025A1A5 /* ContentFetcher.swift */; };
		A3E9CA0024871691003C12D9 /* VideoView.swift in Sources */ = {isa = PBXBuildFile; fileRef = A3E9C9FF24871691003C12D9 /* VideoView.swift */; };
/* End PBXBuildFile section */

/* Begin PBXContainerItemProxy section */
		A31AAB3423FB69200025A1A5 /* PBXContainerItemProxy */ = {
			isa = PBXContainerItemProxy;
			containerPortal = A31AAB1523FB691C0025A1A5 /* Project object */;
			proxyType = 1;
			remoteGlobalIDString = A31AAB1C23FB691C0025A1A5;
			remoteInfo = "Daily Memories";
		};
		A31AAB3F23FB69210025A1A5 /* PBXContainerItemProxy */ = {
			isa = PBXContainerItemProxy;
			containerPortal = A31AAB1523FB691C0025A1A5 /* Project object */;
			proxyType = 1;
			remoteGlobalIDString = A31AAB1C23FB691C0025A1A5;
			remoteInfo = "Daily Memories";
		};
		A3E3DC6F24AE79770076798E /* PBXContainerItemProxy */ = {
			isa = PBXContainerItemProxy;
			containerPortal = A31AAB1523FB691C0025A1A5 /* Project object */;
			proxyType = 1;
			remoteGlobalIDString = A3E3DC6124AE79770076798E;
			remoteInfo = "Daily Memories App Extension";
		};
/* End PBXContainerItemProxy section */

/* Begin PBXCopyFilesBuildPhase section */
		A3E3DC7524AE79770076798E /* Embed App Extensions */ = {
			isa = PBXCopyFilesBuildPhase;
			buildActionMask = 2147483647;
			dstPath = "";
			dstSubfolderSpec = 13;
			files = (
				A3E3DC7124AE79770076798E /* Daily Memories App Extension.appex in Embed App Extensions */,
			);
			name = "Embed App Extensions";
			runOnlyForDeploymentPostprocessing = 0;
		};
/* End PBXCopyFilesBuildPhase section */

/* Begin PBXFileReference section */
		A3069CD4243022350027702C /* NotificationSettingsView.swift */ = {isa = PBXFileReference; lastKnownFileType = sourcecode.swift; path = NotificationSettingsView.swift; sourceTree = "<group>"; };
		A3069CD6243027E40027702C /* NotificationsManager.swift */ = {isa = PBXFileReference; lastKnownFileType = sourcecode.swift; path = NotificationsManager.swift; sourceTree = "<group>"; };
		A30F6A35248D4087001B1608 /* ShareViewController.swift */ = {isa = PBXFileReference; lastKnownFileType = sourcecode.swift; path = ShareViewController.swift; sourceTree = "<group>"; };
		A30F6A3824A7A58F001B1608 /* ProgressView.swift */ = {isa = PBXFileReference; lastKnownFileType = sourcecode.swift; path = ProgressView.swift; sourceTree = "<group>"; };
		A31AAB1D23FB691C0025A1A5 /* Daily Memories.app */ = {isa = PBXFileReference; explicitFileType = wrapper.application; includeInIndex = 0; path = "Daily Memories.app"; sourceTree = BUILT_PRODUCTS_DIR; };
		A31AAB2023FB691C0025A1A5 /* AppDelegate.swift */ = {isa = PBXFileReference; lastKnownFileType = sourcecode.swift; path = AppDelegate.swift; sourceTree = "<group>"; };
		A31AAB2223FB691C0025A1A5 /* SceneDelegate.swift */ = {isa = PBXFileReference; lastKnownFileType = sourcecode.swift; path = SceneDelegate.swift; sourceTree = "<group>"; };
		A31AAB2423FB691C0025A1A5 /* ContentView.swift */ = {isa = PBXFileReference; lastKnownFileType = sourcecode.swift; path = ContentView.swift; sourceTree = "<group>"; };
		A31AAB2623FB69200025A1A5 /* Assets.xcassets */ = {isa = PBXFileReference; lastKnownFileType = folder.assetcatalog; path = Assets.xcassets; sourceTree = "<group>"; };
		A31AAB2923FB69200025A1A5 /* Preview Assets.xcassets */ = {isa = PBXFileReference; lastKnownFileType = folder.assetcatalog; path = "Preview Assets.xcassets"; sourceTree = "<group>"; };
		A31AAB2C23FB69200025A1A5 /* Base */ = {isa = PBXFileReference; lastKnownFileType = file.storyboard; name = Base; path = Base.lproj/LaunchScreen.storyboard; sourceTree = "<group>"; };
		A31AAB2E23FB69200025A1A5 /* Info.plist */ = {isa = PBXFileReference; lastKnownFileType = text.plist.xml; path = Info.plist; sourceTree = "<group>"; };
		A31AAB3323FB69200025A1A5 /* Daily MemoriesTests.xctest */ = {isa = PBXFileReference; explicitFileType = wrapper.cfbundle; includeInIndex = 0; path = "Daily MemoriesTests.xctest"; sourceTree = BUILT_PRODUCTS_DIR; };
		A31AAB3723FB69200025A1A5 /* Daily_MemoriesTests.swift */ = {isa = PBXFileReference; lastKnownFileType = sourcecode.swift; path = Daily_MemoriesTests.swift; sourceTree = "<group>"; };
		A31AAB3923FB69200025A1A5 /* Info.plist */ = {isa = PBXFileReference; lastKnownFileType = text.plist.xml; path = Info.plist; sourceTree = "<group>"; };
		A31AAB3E23FB69210025A1A5 /* Daily MemoriesUITests.xctest */ = {isa = PBXFileReference; explicitFileType = wrapper.cfbundle; includeInIndex = 0; path = "Daily MemoriesUITests.xctest"; sourceTree = BUILT_PRODUCTS_DIR; };
		A31AAB4223FB69210025A1A5 /* Daily_MemoriesUITests.swift */ = {isa = PBXFileReference; lastKnownFileType = sourcecode.swift; path = Daily_MemoriesUITests.swift; sourceTree = "<group>"; };
		A31AAB4423FB69210025A1A5 /* Info.plist */ = {isa = PBXFileReference; lastKnownFileType = text.plist.xml; path = Info.plist; sourceTree = "<group>"; };
		A31AAB5023FB81820025A1A5 /* ContentFetcher.swift */ = {isa = PBXFileReference; lastKnownFileType = sourcecode.swift; path = ContentFetcher.swift; sourceTree = "<group>"; };
		A31AAB522401D1290025A1A5 /* YearNavigationView.swift */ = {isa = PBXFileReference; lastKnownFileType = sourcecode.swift; path = YearNavigationView.swift; sourceTree = "<group>"; };
		A31AAB54240DF84C0025A1A5 /* AuthorizationStatusView.swift */ = {isa = PBXFileReference; lastKnownFileType = sourcecode.swift; path = AuthorizationStatusView.swift; sourceTree = "<group>"; };
		A31AAB56240DFB250025A1A5 /* MainView.swift */ = {isa = PBXFileReference; lastKnownFileType = sourcecode.swift; path = MainView.swift; sourceTree = "<group>"; };
		A3222B2924678182009E56F2 /* PlayerViewController.swift */ = {isa = PBXFileReference; lastKnownFileType = sourcecode.swift; path = PlayerViewController.swift; sourceTree = "<group>"; };
		A3222B2D247ACECD009E56F2 /* AssetModel.swift */ = {isa = PBXFileReference; lastKnownFileType = sourcecode.swift; path = AssetModel.swift; sourceTree = "<group>"; };
		A3222B2F247ACF23009E56F2 /* VideoModel.swift */ = {isa = PBXFileReference; lastKnownFileType = sourcecode.swift; path = VideoModel.swift; sourceTree = "<group>"; };
		A32848C62421ACD200959D74 /* ImageView.swift */ = {isa = PBXFileReference; lastKnownFileType = sourcecode.swift; path = ImageView.swift; sourceTree = "<group>"; };
		A3971F092451350700C0AB69 /* YearListView.swift */ = {isa = PBXFileReference; lastKnownFileType = sourcecode.swift; path = YearListView.swift; sourceTree = "<group>"; };
		A3BA05C42419046900CCC47A /* ContentDetailView.swift */ = {isa = PBXFileReference; lastKnownFileType = sourcecode.swift; path = ContentDetailView.swift; sourceTree = "<group>"; };
		A3BA05C6241904B100CCC47A /* ImageModel.swift */ = {isa = PBXFileReference; lastKnownFileType = sourcecode.swift; path = ImageModel.swift; sourceTree = "<group>"; };
		A3BA05CA2419CA4100CCC47A /* MapView.swift */ = {isa = PBXFileReference; lastKnownFileType = sourcecode.swift; path = MapView.swift; sourceTree = "<group>"; };
		A3BA05CC241DA46A00CCC47A /* View+PhoneStackNavigationView.swift */ = {isa = PBXFileReference; lastKnownFileType = sourcecode.swift; path = "View+PhoneStackNavigationView.swift"; sourceTree = "<group>"; };
		A3BA05CE241DABC000CCC47A /* Daily Memories.entitlements */ = {isa = PBXFileReference; lastKnownFileType = text.plist.entitlements; path = "Daily Memories.entitlements"; sourceTree = "<group>"; };
		A3BA05CF241DC14D00CCC47A /* ContentViewerView.swift */ = {isa = PBXFileReference; lastKnownFileType = sourcecode.swift; path = ContentViewerView.swift; sourceTree = "<group>"; };
		A3E3DC5A24AACE4C0076798E /* LivePhotoView.swift */ = {isa = PBXFileReference; lastKnownFileType = sourcecode.swift; path = LivePhotoView.swift; sourceTree = "<group>"; };
		A3E3DC5C24AC167F0076798E /* LivePhotoModel.swift */ = {isa = PBXFileReference; lastKnownFileType = sourcecode.swift; path = LivePhotoModel.swift; sourceTree = "<group>"; };
		A3E3DC6224AE79770076798E /* Daily Memories App Extension.appex */ = {isa = PBXFileReference; explicitFileType = "wrapper.app-extension"; includeInIndex = 0; path = "Daily Memories App Extension.appex"; sourceTree = BUILT_PRODUCTS_DIR; };
		A3E3DC6424AE79770076798E /* UserNotifications.framework */ = {isa = PBXFileReference; lastKnownFileType = wrapper.framework; name = UserNotifications.framework; path = System/Library/Frameworks/UserNotifications.framework; sourceTree = SDKROOT; };
		A3E3DC6624AE79770076798E /* UserNotificationsUI.framework */ = {isa = PBXFileReference; lastKnownFileType = wrapper.framework; name = UserNotificationsUI.framework; path = System/Library/Frameworks/UserNotificationsUI.framework; sourceTree = SDKROOT; };
		A3E3DC6924AE79770076798E /* NotificationViewController.swift */ = {isa = PBXFileReference; lastKnownFileType = sourcecode.swift; path = NotificationViewController.swift; sourceTree = "<group>"; };
		A3E3DC6C24AE79770076798E /* Base */ = {isa = PBXFileReference; lastKnownFileType = file.storyboard; name = Base; path = Base.lproj/MainInterface.storyboard; sourceTree = "<group>"; };
		A3E3DC6E24AE79770076798E /* Info.plist */ = {isa = PBXFileReference; lastKnownFileType = text.plist.xml; path = Info.plist; sourceTree = "<group>"; };
		A3E9C9FF24871691003C12D9 /* VideoView.swift */ = {isa = PBXFileReference; lastKnownFileType = sourcecode.swift; path = VideoView.swift; sourceTree = "<group>"; };
/* End PBXFileReference section */

/* Begin PBXFrameworksBuildPhase section */
		A31AAB1A23FB691C0025A1A5 /* Frameworks */ = {
			isa = PBXFrameworksBuildPhase;
			buildActionMask = 2147483647;
			files = (
			);
			runOnlyForDeploymentPostprocessing = 0;
		};
		A31AAB3023FB69200025A1A5 /* Frameworks */ = {
			isa = PBXFrameworksBuildPhase;
			buildActionMask = 2147483647;
			files = (
			);
			runOnlyForDeploymentPostprocessing = 0;
		};
		A31AAB3B23FB69210025A1A5 /* Frameworks */ = {
			isa = PBXFrameworksBuildPhase;
			buildActionMask = 2147483647;
			files = (
			);
			runOnlyForDeploymentPostprocessing = 0;
		};
		A3E3DC5F24AE79770076798E /* Frameworks */ = {
			isa = PBXFrameworksBuildPhase;
			buildActionMask = 2147483647;
			files = (
				A3E3DC6724AE79770076798E /* UserNotificationsUI.framework in Frameworks */,
				A3E3DC6524AE79770076798E /* UserNotifications.framework in Frameworks */,
			);
			runOnlyForDeploymentPostprocessing = 0;
		};
/* End PBXFrameworksBuildPhase section */

/* Begin PBXGroup section */
		A30F6A37248D409E001B1608 /* ViewControllers */ = {
			isa = PBXGroup;
			children = (
				A3222B2924678182009E56F2 /* PlayerViewController.swift */,
				A30F6A35248D4087001B1608 /* ShareViewController.swift */,
			);
			path = ViewControllers;
			sourceTree = "<group>";
		};
		A31AAB1423FB691C0025A1A5 = {
			isa = PBXGroup;
			children = (
				A31AAB1F23FB691C0025A1A5 /* Daily Memories */,
				A31AAB3623FB69200025A1A5 /* Daily MemoriesTests */,
				A31AAB4123FB69210025A1A5 /* Daily MemoriesUITests */,
				A3E3DC6824AE79770076798E /* Daily Memories App Extension */,
				A3E3DC6324AE79770076798E /* Frameworks */,
				A31AAB1E23FB691C0025A1A5 /* Products */,
			);
			sourceTree = "<group>";
		};
		A31AAB1E23FB691C0025A1A5 /* Products */ = {
			isa = PBXGroup;
			children = (
				A31AAB1D23FB691C0025A1A5 /* Daily Memories.app */,
				A31AAB3323FB69200025A1A5 /* Daily MemoriesTests.xctest */,
				A31AAB3E23FB69210025A1A5 /* Daily MemoriesUITests.xctest */,
				A3E3DC6224AE79770076798E /* Daily Memories App Extension.appex */,
			);
			name = Products;
			sourceTree = "<group>";
		};
		A31AAB1F23FB691C0025A1A5 /* Daily Memories */ = {
			isa = PBXGroup;
			children = (
				A31AAB2023FB691C0025A1A5 /* AppDelegate.swift */,
				A31AAB2623FB69200025A1A5 /* Assets.xcassets */,
				A31AAB5023FB81820025A1A5 /* ContentFetcher.swift */,
				A3BA05CE241DABC000CCC47A /* Daily Memories.entitlements */,
				A31AAB2E23FB69200025A1A5 /* Info.plist */,
				A31AAB2B23FB69200025A1A5 /* LaunchScreen.storyboard */,
				A3BA05C92419063500CCC47A /* Models */,
				A3069CD6243027E40027702C /* NotificationsManager.swift */,
				A31AAB2823FB69200025A1A5 /* Preview Content */,
				A31AAB2223FB691C0025A1A5 /* SceneDelegate.swift */,
				A30F6A37248D409E001B1608 /* ViewControllers */,
				A3BA05C82419062F00CCC47A /* Views */,
			);
			path = "Daily Memories";
			sourceTree = "<group>";
		};
		A31AAB2823FB69200025A1A5 /* Preview Content */ = {
			isa = PBXGroup;
			children = (
				A31AAB2923FB69200025A1A5 /* Preview Assets.xcassets */,
			);
			path = "Preview Content";
			sourceTree = "<group>";
		};
		A31AAB3623FB69200025A1A5 /* Daily MemoriesTests */ = {
			isa = PBXGroup;
			children = (
				A31AAB3723FB69200025A1A5 /* Daily_MemoriesTests.swift */,
				A31AAB3923FB69200025A1A5 /* Info.plist */,
			);
			path = "Daily MemoriesTests";
			sourceTree = "<group>";
		};
		A31AAB4123FB69210025A1A5 /* Daily MemoriesUITests */ = {
			isa = PBXGroup;
			children = (
				A31AAB4223FB69210025A1A5 /* Daily_MemoriesUITests.swift */,
				A31AAB4423FB69210025A1A5 /* Info.plist */,
			);
			path = "Daily MemoriesUITests";
			sourceTree = "<group>";
		};
		A3BA05C82419062F00CCC47A /* Views */ = {
			isa = PBXGroup;
			children = (
				A31AAB54240DF84C0025A1A5 /* AuthorizationStatusView.swift */,
				A3BA05C42419046900CCC47A /* ContentDetailView.swift */,
				A31AAB2423FB691C0025A1A5 /* ContentView.swift */,
				A3BA05CF241DC14D00CCC47A /* ContentViewerView.swift */,
				A32848C62421ACD200959D74 /* ImageView.swift */,
				A31AAB56240DFB250025A1A5 /* MainView.swift */,
				A3BA05CA2419CA4100CCC47A /* MapView.swift */,
				A3069CD4243022350027702C /* NotificationSettingsView.swift */,
				A3BA05CC241DA46A00CCC47A /* View+PhoneStackNavigationView.swift */,
				A3971F092451350700C0AB69 /* YearListView.swift */,
				A31AAB522401D1290025A1A5 /* YearNavigationView.swift */,
				A3E9C9FF24871691003C12D9 /* VideoView.swift */,
				A30F6A3824A7A58F001B1608 /* ProgressView.swift */,
				A3E3DC5A24AACE4C0076798E /* LivePhotoView.swift */,
			);
			path = Views;
			sourceTree = "<group>";
		};
		A3BA05C92419063500CCC47A /* Models */ = {
			isa = PBXGroup;
			children = (
				A3222B2D247ACECD009E56F2 /* AssetModel.swift */,
				A3BA05C6241904B100CCC47A /* ImageModel.swift */,
				A3E3DC5C24AC167F0076798E /* LivePhotoModel.swift */,
				A3222B2F247ACF23009E56F2 /* VideoModel.swift */,
			);
			path = Models;
			sourceTree = "<group>";
		};
		A3E3DC6324AE79770076798E /* Frameworks */ = {
			isa = PBXGroup;
			children = (
				A3E3DC6424AE79770076798E /* UserNotifications.framework */,
				A3E3DC6624AE79770076798E /* UserNotificationsUI.framework */,
			);
			name = Frameworks;
			sourceTree = "<group>";
		};
		A3E3DC6824AE79770076798E /* Daily Memories App Extension */ = {
			isa = PBXGroup;
			children = (
				A3E3DC6924AE79770076798E /* NotificationViewController.swift */,
				A3E3DC6B24AE79770076798E /* MainInterface.storyboard */,
				A3E3DC6E24AE79770076798E /* Info.plist */,
			);
			path = "Daily Memories App Extension";
			sourceTree = "<group>";
		};
/* End PBXGroup section */

/* Begin PBXNativeTarget section */
		A31AAB1C23FB691C0025A1A5 /* Daily Memories */ = {
			isa = PBXNativeTarget;
			buildConfigurationList = A31AAB4723FB69210025A1A5 /* Build configuration list for PBXNativeTarget "Daily Memories" */;
			buildPhases = (
				A31AAB1923FB691C0025A1A5 /* Sources */,
				A31AAB1A23FB691C0025A1A5 /* Frameworks */,
				A31AAB1B23FB691C0025A1A5 /* Resources */,
				A3E3DC7524AE79770076798E /* Embed App Extensions */,
			);
			buildRules = (
			);
			dependencies = (
				A3E3DC7024AE79770076798E /* PBXTargetDependency */,
			);
			name = "Daily Memories";
			productName = "Daily Memories";
			productReference = A31AAB1D23FB691C0025A1A5 /* Daily Memories.app */;
			productType = "com.apple.product-type.application";
		};
		A31AAB3223FB69200025A1A5 /* Daily MemoriesTests */ = {
			isa = PBXNativeTarget;
			buildConfigurationList = A31AAB4A23FB69210025A1A5 /* Build configuration list for PBXNativeTarget "Daily MemoriesTests" */;
			buildPhases = (
				A31AAB2F23FB69200025A1A5 /* Sources */,
				A31AAB3023FB69200025A1A5 /* Frameworks */,
				A31AAB3123FB69200025A1A5 /* Resources */,
			);
			buildRules = (
			);
			dependencies = (
				A31AAB3523FB69200025A1A5 /* PBXTargetDependency */,
			);
			name = "Daily MemoriesTests";
			productName = "Daily MemoriesTests";
			productReference = A31AAB3323FB69200025A1A5 /* Daily MemoriesTests.xctest */;
			productType = "com.apple.product-type.bundle.unit-test";
		};
		A31AAB3D23FB69210025A1A5 /* Daily MemoriesUITests */ = {
			isa = PBXNativeTarget;
			buildConfigurationList = A31AAB4D23FB69210025A1A5 /* Build configuration list for PBXNativeTarget "Daily MemoriesUITests" */;
			buildPhases = (
				A31AAB3A23FB69210025A1A5 /* Sources */,
				A31AAB3B23FB69210025A1A5 /* Frameworks */,
				A31AAB3C23FB69210025A1A5 /* Resources */,
			);
			buildRules = (
			);
			dependencies = (
				A31AAB4023FB69210025A1A5 /* PBXTargetDependency */,
			);
			name = "Daily MemoriesUITests";
			productName = "Daily MemoriesUITests";
			productReference = A31AAB3E23FB69210025A1A5 /* Daily MemoriesUITests.xctest */;
			productType = "com.apple.product-type.bundle.ui-testing";
		};
		A3E3DC6124AE79770076798E /* Daily Memories App Extension */ = {
			isa = PBXNativeTarget;
			buildConfigurationList = A3E3DC7224AE79770076798E /* Build configuration list for PBXNativeTarget "Daily Memories App Extension" */;
			buildPhases = (
				A3E3DC5E24AE79770076798E /* Sources */,
				A3E3DC5F24AE79770076798E /* Frameworks */,
				A3E3DC6024AE79770076798E /* Resources */,
			);
			buildRules = (
			);
			dependencies = (
			);
			name = "Daily Memories App Extension";
			productName = "Daily Memories App Extension";
			productReference = A3E3DC6224AE79770076798E /* Daily Memories App Extension.appex */;
			productType = "com.apple.product-type.app-extension";
		};
/* End PBXNativeTarget section */

/* Begin PBXProject section */
		A31AAB1523FB691C0025A1A5 /* Project object */ = {
			isa = PBXProject;
			attributes = {
				LastSwiftUpdateCheck = 1150;
				LastUpgradeCheck = 1200;
				ORGANIZATIONNAME = LewandaCode;
				TargetAttributes = {
					A31AAB1C23FB691C0025A1A5 = {
						CreatedOnToolsVersion = 11.3.1;
					};
					A31AAB3223FB69200025A1A5 = {
						CreatedOnToolsVersion = 11.3.1;
						TestTargetID = A31AAB1C23FB691C0025A1A5;
					};
					A31AAB3D23FB69210025A1A5 = {
						CreatedOnToolsVersion = 11.3.1;
						TestTargetID = A31AAB1C23FB691C0025A1A5;
					};
					A3E3DC6124AE79770076798E = {
						CreatedOnToolsVersion = 11.5;
					};
				};
			};
			buildConfigurationList = A31AAB1823FB691C0025A1A5 /* Build configuration list for PBXProject "Daily Memories" */;
			compatibilityVersion = "Xcode 9.3";
			developmentRegion = en;
			hasScannedForEncodings = 0;
			knownRegions = (
				en,
				Base,
			);
			mainGroup = A31AAB1423FB691C0025A1A5;
			productRefGroup = A31AAB1E23FB691C0025A1A5 /* Products */;
			projectDirPath = "";
			projectRoot = "";
			targets = (
				A31AAB1C23FB691C0025A1A5 /* Daily Memories */,
				A31AAB3223FB69200025A1A5 /* Daily MemoriesTests */,
				A31AAB3D23FB69210025A1A5 /* Daily MemoriesUITests */,
				A3E3DC6124AE79770076798E /* Daily Memories App Extension */,
			);
		};
/* End PBXProject section */

/* Begin PBXResourcesBuildPhase section */
		A31AAB1B23FB691C0025A1A5 /* Resources */ = {
			isa = PBXResourcesBuildPhase;
			buildActionMask = 2147483647;
			files = (
				A31AAB2D23FB69200025A1A5 /* LaunchScreen.storyboard in Resources */,
				A31AAB2A23FB69200025A1A5 /* Preview Assets.xcassets in Resources */,
				A31AAB2723FB69200025A1A5 /* Assets.xcassets in Resources */,
			);
			runOnlyForDeploymentPostprocessing = 0;
		};
		A31AAB3123FB69200025A1A5 /* Resources */ = {
			isa = PBXResourcesBuildPhase;
			buildActionMask = 2147483647;
			files = (
			);
			runOnlyForDeploymentPostprocessing = 0;
		};
		A31AAB3C23FB69210025A1A5 /* Resources */ = {
			isa = PBXResourcesBuildPhase;
			buildActionMask = 2147483647;
			files = (
			);
			runOnlyForDeploymentPostprocessing = 0;
		};
		A3E3DC6024AE79770076798E /* Resources */ = {
			isa = PBXResourcesBuildPhase;
			buildActionMask = 2147483647;
			files = (
				A3E3DC6D24AE79770076798E /* MainInterface.storyboard in Resources */,
			);
			runOnlyForDeploymentPostprocessing = 0;
		};
/* End PBXResourcesBuildPhase section */

/* Begin PBXSourcesBuildPhase section */
		A31AAB1923FB691C0025A1A5 /* Sources */ = {
			isa = PBXSourcesBuildPhase;
			buildActionMask = 2147483647;
			files = (
				A30F6A36248D4087001B1608 /* ShareViewController.swift in Sources */,
				A3BA05D0241DC14D00CCC47A /* ContentViewerView.swift in Sources */,
				A31AAB2123FB691C0025A1A5 /* AppDelegate.swift in Sources */,
				A3BA05CD241DA46A00CCC47A /* View+PhoneStackNavigationView.swift in Sources */,
				A3E3DC5B24AACE4C0076798E /* LivePhotoView.swift in Sources */,
				A3222B30247ACF23009E56F2 /* VideoModel.swift in Sources */,
				A31AAB57240DFB250025A1A5 /* MainView.swift in Sources */,
				A3069CD5243022350027702C /* NotificationSettingsView.swift in Sources */,
				A3222B2A24678182009E56F2 /* PlayerViewController.swift in Sources */,
				A3971F0A2451350700C0AB69 /* YearListView.swift in Sources */,
				A3E3DC5D24AC167F0076798E /* LivePhotoModel.swift in Sources */,
				A32848C72421ACD200959D74 /* ImageView.swift in Sources */,
				A3222B2E247ACECD009E56F2 /* AssetModel.swift in Sources */,
				A3E9CA0024871691003C12D9 /* VideoView.swift in Sources */,
				A31AAB55240DF84C0025A1A5 /* AuthorizationStatusView.swift in Sources */,
				A3BA05C52419046900CCC47A /* ContentDetailView.swift in Sources */,
				A3BA05C7241904B100CCC47A /* ImageModel.swift in Sources */,
				A31AAB5123FB81820025A1A5 /* ContentFetcher.swift in Sources */,
				A31AAB532401D1290025A1A5 /* YearNavigationView.swift in Sources */,
				A3BA05CB2419CA4100CCC47A /* MapView.swift in Sources */,
				A3069CD7243027E40027702C /* NotificationsManager.swift in Sources */,
				A31AAB2323FB691C0025A1A5 /* SceneDelegate.swift in Sources */,
				A31AAB2523FB691C0025A1A5 /* ContentView.swift in Sources */,
				A30F6A3924A7A58F001B1608 /* ProgressView.swift in Sources */,
			);
			runOnlyForDeploymentPostprocessing = 0;
		};
		A31AAB2F23FB69200025A1A5 /* Sources */ = {
			isa = PBXSourcesBuildPhase;
			buildActionMask = 2147483647;
			files = (
				A31AAB3823FB69200025A1A5 /* Daily_MemoriesTests.swift in Sources */,
			);
			runOnlyForDeploymentPostprocessing = 0;
		};
		A31AAB3A23FB69210025A1A5 /* Sources */ = {
			isa = PBXSourcesBuildPhase;
			buildActionMask = 2147483647;
			files = (
				A31AAB4323FB69210025A1A5 /* Daily_MemoriesUITests.swift in Sources */,
			);
			runOnlyForDeploymentPostprocessing = 0;
		};
		A3E3DC5E24AE79770076798E /* Sources */ = {
			isa = PBXSourcesBuildPhase;
			buildActionMask = 2147483647;
			files = (
				A3E3DC6A24AE79770076798E /* NotificationViewController.swift in Sources */,
				A3E3DC7624AE7CD50076798E /* ContentFetcher.swift in Sources */,
			);
			runOnlyForDeploymentPostprocessing = 0;
		};
/* End PBXSourcesBuildPhase section */

/* Begin PBXTargetDependency section */
		A31AAB3523FB69200025A1A5 /* PBXTargetDependency */ = {
			isa = PBXTargetDependency;
			target = A31AAB1C23FB691C0025A1A5 /* Daily Memories */;
			targetProxy = A31AAB3423FB69200025A1A5 /* PBXContainerItemProxy */;
		};
		A31AAB4023FB69210025A1A5 /* PBXTargetDependency */ = {
			isa = PBXTargetDependency;
			target = A31AAB1C23FB691C0025A1A5 /* Daily Memories */;
			targetProxy = A31AAB3F23FB69210025A1A5 /* PBXContainerItemProxy */;
		};
		A3E3DC7024AE79770076798E /* PBXTargetDependency */ = {
			isa = PBXTargetDependency;
			target = A3E3DC6124AE79770076798E /* Daily Memories App Extension */;
			targetProxy = A3E3DC6F24AE79770076798E /* PBXContainerItemProxy */;
		};
/* End PBXTargetDependency section */

/* Begin PBXVariantGroup section */
		A31AAB2B23FB69200025A1A5 /* LaunchScreen.storyboard */ = {
			isa = PBXVariantGroup;
			children = (
				A31AAB2C23FB69200025A1A5 /* Base */,
			);
			name = LaunchScreen.storyboard;
			sourceTree = "<group>";
		};
		A3E3DC6B24AE79770076798E /* MainInterface.storyboard */ = {
			isa = PBXVariantGroup;
			children = (
				A3E3DC6C24AE79770076798E /* Base */,
			);
			name = MainInterface.storyboard;
			sourceTree = "<group>";
		};
/* End PBXVariantGroup section */

/* Begin XCBuildConfiguration section */
		A31AAB4523FB69210025A1A5 /* Debug */ = {
			isa = XCBuildConfiguration;
			buildSettings = {
				ALWAYS_SEARCH_USER_PATHS = NO;
				CLANG_ANALYZER_NONNULL = YES;
				CLANG_ANALYZER_NUMBER_OBJECT_CONVERSION = YES_AGGRESSIVE;
				CLANG_CXX_LANGUAGE_STANDARD = "gnu++14";
				CLANG_CXX_LIBRARY = "libc++";
				CLANG_ENABLE_MODULES = YES;
				CLANG_ENABLE_OBJC_ARC = YES;
				CLANG_ENABLE_OBJC_WEAK = YES;
				CLANG_WARN_BLOCK_CAPTURE_AUTORELEASING = YES;
				CLANG_WARN_BOOL_CONVERSION = YES;
				CLANG_WARN_COMMA = YES;
				CLANG_WARN_CONSTANT_CONVERSION = YES;
				CLANG_WARN_DEPRECATED_OBJC_IMPLEMENTATIONS = YES;
				CLANG_WARN_DIRECT_OBJC_ISA_USAGE = YES_ERROR;
				CLANG_WARN_DOCUMENTATION_COMMENTS = YES;
				CLANG_WARN_EMPTY_BODY = YES;
				CLANG_WARN_ENUM_CONVERSION = YES;
				CLANG_WARN_INFINITE_RECURSION = YES;
				CLANG_WARN_INT_CONVERSION = YES;
				CLANG_WARN_NON_LITERAL_NULL_CONVERSION = YES;
				CLANG_WARN_OBJC_IMPLICIT_RETAIN_SELF = YES;
				CLANG_WARN_OBJC_LITERAL_CONVERSION = YES;
				CLANG_WARN_OBJC_ROOT_CLASS = YES_ERROR;
				CLANG_WARN_QUOTED_INCLUDE_IN_FRAMEWORK_HEADER = YES;
				CLANG_WARN_RANGE_LOOP_ANALYSIS = YES;
				CLANG_WARN_STRICT_PROTOTYPES = YES;
				CLANG_WARN_SUSPICIOUS_MOVE = YES;
				CLANG_WARN_UNGUARDED_AVAILABILITY = YES_AGGRESSIVE;
				CLANG_WARN_UNREACHABLE_CODE = YES;
				CLANG_WARN__DUPLICATE_METHOD_MATCH = YES;
				COPY_PHASE_STRIP = NO;
				DEBUG_INFORMATION_FORMAT = dwarf;
				ENABLE_STRICT_OBJC_MSGSEND = YES;
				ENABLE_TESTABILITY = YES;
				GCC_C_LANGUAGE_STANDARD = gnu11;
				GCC_DYNAMIC_NO_PIC = NO;
				GCC_NO_COMMON_BLOCKS = YES;
				GCC_OPTIMIZATION_LEVEL = 0;
				GCC_PREPROCESSOR_DEFINITIONS = (
					"DEBUG=1",
					"$(inherited)",
				);
				GCC_WARN_64_TO_32_BIT_CONVERSION = YES;
				GCC_WARN_ABOUT_RETURN_TYPE = YES_ERROR;
				GCC_WARN_UNDECLARED_SELECTOR = YES;
				GCC_WARN_UNINITIALIZED_AUTOS = YES_AGGRESSIVE;
				GCC_WARN_UNUSED_FUNCTION = YES;
				GCC_WARN_UNUSED_VARIABLE = YES;
				IPHONEOS_DEPLOYMENT_TARGET = 13.2;
				MTL_ENABLE_DEBUG_INFO = INCLUDE_SOURCE;
				MTL_FAST_MATH = YES;
				ONLY_ACTIVE_ARCH = YES;
				SDKROOT = iphoneos;
				SWIFT_ACTIVE_COMPILATION_CONDITIONS = DEBUG;
				SWIFT_OPTIMIZATION_LEVEL = "-Onone";
			};
			name = Debug;
		};
		A31AAB4623FB69210025A1A5 /* Release */ = {
			isa = XCBuildConfiguration;
			buildSettings = {
				ALWAYS_SEARCH_USER_PATHS = NO;
				CLANG_ANALYZER_NONNULL = YES;
				CLANG_ANALYZER_NUMBER_OBJECT_CONVERSION = YES_AGGRESSIVE;
				CLANG_CXX_LANGUAGE_STANDARD = "gnu++14";
				CLANG_CXX_LIBRARY = "libc++";
				CLANG_ENABLE_MODULES = YES;
				CLANG_ENABLE_OBJC_ARC = YES;
				CLANG_ENABLE_OBJC_WEAK = YES;
				CLANG_WARN_BLOCK_CAPTURE_AUTORELEASING = YES;
				CLANG_WARN_BOOL_CONVERSION = YES;
				CLANG_WARN_COMMA = YES;
				CLANG_WARN_CONSTANT_CONVERSION = YES;
				CLANG_WARN_DEPRECATED_OBJC_IMPLEMENTATIONS = YES;
				CLANG_WARN_DIRECT_OBJC_ISA_USAGE = YES_ERROR;
				CLANG_WARN_DOCUMENTATION_COMMENTS = YES;
				CLANG_WARN_EMPTY_BODY = YES;
				CLANG_WARN_ENUM_CONVERSION = YES;
				CLANG_WARN_INFINITE_RECURSION = YES;
				CLANG_WARN_INT_CONVERSION = YES;
				CLANG_WARN_NON_LITERAL_NULL_CONVERSION = YES;
				CLANG_WARN_OBJC_IMPLICIT_RETAIN_SELF = YES;
				CLANG_WARN_OBJC_LITERAL_CONVERSION = YES;
				CLANG_WARN_OBJC_ROOT_CLASS = YES_ERROR;
				CLANG_WARN_QUOTED_INCLUDE_IN_FRAMEWORK_HEADER = YES;
				CLANG_WARN_RANGE_LOOP_ANALYSIS = YES;
				CLANG_WARN_STRICT_PROTOTYPES = YES;
				CLANG_WARN_SUSPICIOUS_MOVE = YES;
				CLANG_WARN_UNGUARDED_AVAILABILITY = YES_AGGRESSIVE;
				CLANG_WARN_UNREACHABLE_CODE = YES;
				CLANG_WARN__DUPLICATE_METHOD_MATCH = YES;
				COPY_PHASE_STRIP = NO;
				DEBUG_INFORMATION_FORMAT = "dwarf-with-dsym";
				ENABLE_NS_ASSERTIONS = NO;
				ENABLE_STRICT_OBJC_MSGSEND = YES;
				GCC_C_LANGUAGE_STANDARD = gnu11;
				GCC_NO_COMMON_BLOCKS = YES;
				GCC_WARN_64_TO_32_BIT_CONVERSION = YES;
				GCC_WARN_ABOUT_RETURN_TYPE = YES_ERROR;
				GCC_WARN_UNDECLARED_SELECTOR = YES;
				GCC_WARN_UNINITIALIZED_AUTOS = YES_AGGRESSIVE;
				GCC_WARN_UNUSED_FUNCTION = YES;
				GCC_WARN_UNUSED_VARIABLE = YES;
				IPHONEOS_DEPLOYMENT_TARGET = 13.2;
				MTL_ENABLE_DEBUG_INFO = NO;
				MTL_FAST_MATH = YES;
				SDKROOT = iphoneos;
				SWIFT_COMPILATION_MODE = wholemodule;
				SWIFT_OPTIMIZATION_LEVEL = "-O";
				VALIDATE_PRODUCT = YES;
			};
			name = Release;
		};
		A31AAB4823FB69210025A1A5 /* Debug */ = {
			isa = XCBuildConfiguration;
			buildSettings = {
				ALWAYS_EMBED_SWIFT_STANDARD_LIBRARIES = YES;
				ASSETCATALOG_COMPILER_APPICON_NAME = AppIcon;
				CODE_SIGN_ENTITLEMENTS = "Daily Memories/Daily Memories.entitlements";
				CODE_SIGN_STYLE = Automatic;
				DERIVE_MACCATALYST_PRODUCT_BUNDLE_IDENTIFIER = YES;
				DEVELOPMENT_ASSET_PATHS = "\"Daily Memories/Preview Content\"";
				DEVELOPMENT_TEAM = 36U9EYSXHQ;
				ENABLE_PREVIEWS = YES;
				INFOPLIST_FILE = "Daily Memories/Info.plist";
				IPHONEOS_DEPLOYMENT_TARGET = 13.5;
				LD_RUNPATH_SEARCH_PATHS = (
					"$(inherited)",
					"@executable_path/Frameworks",
				);
				PRODUCT_BUNDLE_IDENTIFIER = "com.lewandacode.Daily-Memories";
				PRODUCT_NAME = "$(TARGET_NAME)";
				SUPPORTS_MACCATALYST = YES;
				SWIFT_VERSION = 5.0;
				TARGETED_DEVICE_FAMILY = "1,2";
			};
			name = Debug;
		};
		A31AAB4923FB69210025A1A5 /* Release */ = {
			isa = XCBuildConfiguration;
			buildSettings = {
				ALWAYS_EMBED_SWIFT_STANDARD_LIBRARIES = YES;
				ASSETCATALOG_COMPILER_APPICON_NAME = AppIcon;
				CODE_SIGN_ENTITLEMENTS = "Daily Memories/Daily Memories.entitlements";
				CODE_SIGN_STYLE = Automatic;
				DERIVE_MACCATALYST_PRODUCT_BUNDLE_IDENTIFIER = YES;
				DEVELOPMENT_ASSET_PATHS = "\"Daily Memories/Preview Content\"";
				DEVELOPMENT_TEAM = 36U9EYSXHQ;
				ENABLE_PREVIEWS = YES;
				INFOPLIST_FILE = "Daily Memories/Info.plist";
				IPHONEOS_DEPLOYMENT_TARGET = 13.5;
				LD_RUNPATH_SEARCH_PATHS = (
					"$(inherited)",
					"@executable_path/Frameworks",
				);
				PRODUCT_BUNDLE_IDENTIFIER = "com.lewandacode.Daily-Memories";
				PRODUCT_NAME = "$(TARGET_NAME)";
				SUPPORTS_MACCATALYST = YES;
				SWIFT_VERSION = 5.0;
				TARGETED_DEVICE_FAMILY = "1,2";
			};
			name = Release;
		};
		A31AAB4B23FB69210025A1A5 /* Debug */ = {
			isa = XCBuildConfiguration;
			buildSettings = {
				ALWAYS_EMBED_SWIFT_STANDARD_LIBRARIES = YES;
				BUNDLE_LOADER = "$(TEST_HOST)";
				CODE_SIGN_STYLE = Automatic;
				DEVELOPMENT_TEAM = 36U9EYSXHQ;
				INFOPLIST_FILE = "Daily MemoriesTests/Info.plist";
				IPHONEOS_DEPLOYMENT_TARGET = 13.2;
				LD_RUNPATH_SEARCH_PATHS = (
					"$(inherited)",
					"@executable_path/Frameworks",
					"@loader_path/Frameworks",
				);
				PRODUCT_BUNDLE_IDENTIFIER = "com.lewandacode.Daily-MemoriesTests";
				PRODUCT_NAME = "$(TARGET_NAME)";
				SWIFT_VERSION = 5.0;
				TARGETED_DEVICE_FAMILY = "1,2";
				TEST_HOST = "$(BUILT_PRODUCTS_DIR)/Daily Memories.app/Daily Memories";
			};
			name = Debug;
		};
		A31AAB4C23FB69210025A1A5 /* Release */ = {
			isa = XCBuildConfiguration;
			buildSettings = {
				ALWAYS_EMBED_SWIFT_STANDARD_LIBRARIES = YES;
				BUNDLE_LOADER = "$(TEST_HOST)";
				CODE_SIGN_STYLE = Automatic;
				DEVELOPMENT_TEAM = 36U9EYSXHQ;
				INFOPLIST_FILE = "Daily MemoriesTests/Info.plist";
				IPHONEOS_DEPLOYMENT_TARGET = 13.2;
				LD_RUNPATH_SEARCH_PATHS = (
					"$(inherited)",
					"@executable_path/Frameworks",
					"@loader_path/Frameworks",
				);
				PRODUCT_BUNDLE_IDENTIFIER = "com.lewandacode.Daily-MemoriesTests";
				PRODUCT_NAME = "$(TARGET_NAME)";
				SWIFT_VERSION = 5.0;
				TARGETED_DEVICE_FAMILY = "1,2";
				TEST_HOST = "$(BUILT_PRODUCTS_DIR)/Daily Memories.app/Daily Memories";
			};
			name = Release;
		};
		A31AAB4E23FB69210025A1A5 /* Debug */ = {
			isa = XCBuildConfiguration;
			buildSettings = {
				ALWAYS_EMBED_SWIFT_STANDARD_LIBRARIES = YES;
				CODE_SIGN_STYLE = Automatic;
				DEVELOPMENT_TEAM = 36U9EYSXHQ;
				INFOPLIST_FILE = "Daily MemoriesUITests/Info.plist";
				LD_RUNPATH_SEARCH_PATHS = (
					"$(inherited)",
					"@executable_path/Frameworks",
					"@loader_path/Frameworks",
				);
				PRODUCT_BUNDLE_IDENTIFIER = "com.lewandacode.Daily-MemoriesUITests";
				PRODUCT_NAME = "$(TARGET_NAME)";
				SWIFT_VERSION = 5.0;
				TARGETED_DEVICE_FAMILY = "1,2";
				TEST_TARGET_NAME = "Daily Memories";
			};
			name = Debug;
		};
		A31AAB4F23FB69210025A1A5 /* Release */ = {
			isa = XCBuildConfiguration;
			buildSettings = {
				ALWAYS_EMBED_SWIFT_STANDARD_LIBRARIES = YES;
				CODE_SIGN_STYLE = Automatic;
				DEVELOPMENT_TEAM = 36U9EYSXHQ;
				INFOPLIST_FILE = "Daily MemoriesUITests/Info.plist";
				LD_RUNPATH_SEARCH_PATHS = (
					"$(inherited)",
					"@executable_path/Frameworks",
					"@loader_path/Frameworks",
				);
				PRODUCT_BUNDLE_IDENTIFIER = "com.lewandacode.Daily-MemoriesUITests";
				PRODUCT_NAME = "$(TARGET_NAME)";
				SWIFT_VERSION = 5.0;
				TARGETED_DEVICE_FAMILY = "1,2";
				TEST_TARGET_NAME = "Daily Memories";
			};
			name = Release;
		};
		A3E3DC7324AE79770076798E /* Debug */ = {
			isa = XCBuildConfiguration;
			buildSettings = {
				CODE_SIGN_STYLE = Automatic;
				DEVELOPMENT_TEAM = 36U9EYSXHQ;
				INFOPLIST_FILE = "Daily Memories App Extension/Info.plist";
				IPHONEOS_DEPLOYMENT_TARGET = 13.5;
				LD_RUNPATH_SEARCH_PATHS = (
					"$(inherited)",
					"@executable_path/Frameworks",
					"@executable_path/../../Frameworks",
				);
				PRODUCT_BUNDLE_IDENTIFIER = "com.lewandacode.Daily-Memories.Daily-Memories-App-Extension";
				PRODUCT_NAME = "$(TARGET_NAME)";
				SKIP_INSTALL = YES;
				SWIFT_VERSION = 5.0;
				TARGETED_DEVICE_FAMILY = "1,2";
			};
			name = Debug;
		};
		A3E3DC7424AE79770076798E /* Release */ = {
			isa = XCBuildConfiguration;
			buildSettings = {
				CODE_SIGN_STYLE = Automatic;
				DEVELOPMENT_TEAM = 36U9EYSXHQ;
				INFOPLIST_FILE = "Daily Memories App Extension/Info.plist";
				IPHONEOS_DEPLOYMENT_TARGET = 13.5;
				LD_RUNPATH_SEARCH_PATHS = (
					"$(inherited)",
					"@executable_path/Frameworks",
					"@executable_path/../../Frameworks",
				);
				PRODUCT_BUNDLE_IDENTIFIER = "com.lewandacode.Daily-Memories.Daily-Memories-App-Extension";
				PRODUCT_NAME = "$(TARGET_NAME)";
				SKIP_INSTALL = YES;
				SWIFT_VERSION = 5.0;
				TARGETED_DEVICE_FAMILY = "1,2";
			};
			name = Release;
		};
/* End XCBuildConfiguration section */

/* Begin XCConfigurationList section */
		A31AAB1823FB691C0025A1A5 /* Build configuration list for PBXProject "Daily Memories" */ = {
			isa = XCConfigurationList;
			buildConfigurations = (
				A31AAB4523FB69210025A1A5 /* Debug */,
				A31AAB4623FB69210025A1A5 /* Release */,
			);
			defaultConfigurationIsVisible = 0;
			defaultConfigurationName = Release;
		};
		A31AAB4723FB69210025A1A5 /* Build configuration list for PBXNativeTarget "Daily Memories" */ = {
			isa = XCConfigurationList;
			buildConfigurations = (
				A31AAB4823FB69210025A1A5 /* Debug */,
				A31AAB4923FB69210025A1A5 /* Release */,
			);
			defaultConfigurationIsVisible = 0;
			defaultConfigurationName = Release;
		};
		A31AAB4A23FB69210025A1A5 /* Build configuration list for PBXNativeTarget "Daily MemoriesTests" */ = {
			isa = XCConfigurationList;
			buildConfigurations = (
				A31AAB4B23FB69210025A1A5 /* Debug */,
				A31AAB4C23FB69210025A1A5 /* Release */,
			);
			defaultConfigurationIsVisible = 0;
			defaultConfigurationName = Release;
		};
		A31AAB4D23FB69210025A1A5 /* Build configuration list for PBXNativeTarget "Daily MemoriesUITests" */ = {
			isa = XCConfigurationList;
			buildConfigurations = (
				A31AAB4E23FB69210025A1A5 /* Debug */,
				A31AAB4F23FB69210025A1A5 /* Release */,
			);
			defaultConfigurationIsVisible = 0;
			defaultConfigurationName = Release;
		};
		A3E3DC7224AE79770076798E /* Build configuration list for PBXNativeTarget "Daily Memories App Extension" */ = {
			isa = XCConfigurationList;
			buildConfigurations = (
				A3E3DC7324AE79770076798E /* Debug */,
				A3E3DC7424AE79770076798E /* Release */,
			);
			defaultConfigurationIsVisible = 0;
			defaultConfigurationName = Release;
		};
/* End XCConfigurationList section */
	};
	rootObject = A31AAB1523FB691C0025A1A5 /* Project object */;
}
